
Microsoft Visual Studio Solution File, Format Version 12.00
# Visual Studio Version 17
VisualStudioVersion = 17.11.35327.3
MinimumVisualStudioVersion = 10.0.40219.1
Project("{9A19103F-16F7-4668-BE54-9A1E7A4F7556}") = "GUI", "GUI\GUI.csproj", "{CBE8ED79-21D2-402A-9308-E77B63FC31C1}"
EndProject
Project("{FAE04EC0-301F-11D3-BF4B-00C04F79EFBC}") = "DTO", "DTO\DTO.csproj", "{C91D3124-5F5F-4B22-B038-815C72E0B45D}"
EndProject
Project("{FAE04EC0-301F-11D3-BF4B-00C04F79EFBC}") = "DAL", "DAL\DAL.csproj", "{57AF1FD1-35B1-450A-8C53-8DAD42E5232F}"
EndProject
Project("{FAE04EC0-301F-11D3-BF4B-00C04F79EFBC}") = "BLL", "BLL\BLL.csproj", "{E0EABBEA-206E-4009-9E18-D858C9B3EFF8}"
EndProject
Project("{2150E333-8FDC-42A3-9474-1A3956D46DE8}") = "Solution Items", "Solution Items", "{9F71BDC0-2D70-41D0-B551-2B433250107B}"
	ProjectSection(SolutionItems) = preProject
		.gitignore = .gitignore
	EndProjectSection
EndProject
Global
	GlobalSection(SolutionConfigurationPlatforms) = preSolution
		Debug|Any CPU = Debug|Any CPU
		Release|Any CPU = Release|Any CPU
	EndGlobalSection
	GlobalSection(ProjectConfigurationPlatforms) = postSolution
		{CBE8ED79-21D2-402A-9308-E77B63FC31C1}.Debug|Any CPU.ActiveCfg = Debug|Any CPU
		{CBE8ED79-21D2-402A-9308-E77B63FC31C1}.Debug|Any CPU.Build.0 = Debug|Any CPU
		{CBE8ED79-21D2-402A-9308-E77B63FC31C1}.Release|Any CPU.ActiveCfg = Release|Any CPU
		{CBE8ED79-21D2-402A-9308-E77B63FC31C1}.Release|Any CPU.Build.0 = Release|Any CPU
		{C91D3124-5F5F-4B22-B038-815C72E0B45D}.Debug|Any CPU.ActiveCfg = Debug|Any CPU
		{C91D3124-5F5F-4B22-B038-815C72E0B45D}.Debug|Any CPU.Build.0 = Debug|Any CPU
		{C91D3124-5F5F-4B22-B038-815C72E0B45D}.Release|Any CPU.ActiveCfg = Release|Any CPU
		{C91D3124-5F5F-4B22-B038-815C72E0B45D}.Release|Any CPU.Build.0 = Release|Any CPU
		{57AF1FD1-35B1-450A-8C53-8DAD42E5232F}.Debug|Any CPU.ActiveCfg = Debug|Any CPU
		{57AF1FD1-35B1-450A-8C53-8DAD42E5232F}.Debug|Any CPU.Build.0 = Debug|Any CPU
		{57AF1FD1-35B1-450A-8C53-8DAD42E5232F}.Release|Any CPU.ActiveCfg = Release|Any CPU
		{57AF1FD1-35B1-450A-8C53-8DAD42E5232F}.Release|Any CPU.Build.0 = Release|Any CPU
		{E0EABBEA-206E-4009-9E18-D858C9B3EFF8}.Debug|Any CPU.ActiveCfg = Debug|Any CPU
		{E0EABBEA-206E-4009-9E18-D858C9B3EFF8}.Debug|Any CPU.Build.0 = Debug|Any CPU
		{E0EABBEA-206E-4009-9E18-D858C9B3EFF8}.Release|Any CPU.ActiveCfg = Release|Any CPU
		{E0EABBEA-206E-4009-9E18-D858C9B3EFF8}.Release|Any CPU.Build.0 = Release|Any CPU
	EndGlobalSection
	GlobalSection(SolutionProperties) = preSolution
		HideSolutionNode = FALSE
	EndGlobalSection
	GlobalSection(ExtensibilityGlobals) = postSolution
		SolutionGuid = {9480436E-813C-43A5-9C8C-5D309F1C5A5A}
	EndGlobalSection
EndGlobal
